
Microsoft Visual Studio Solution File, Format Version 12.00
# Visual Studio 14
VisualStudioVersion = 14.0.23107.0
MinimumVisualStudioVersion = 10.0.40219.1
Project("{FAE04EC0-301F-11D3-BF4B-00C04F79EFBC}") = "MathService1", "MathService1\MathService1.csproj", "{FD99C43A-813A-4992-AE94-402826874ED7}"
EndProject
Project("{FAE04EC0-301F-11D3-BF4B-00C04F79EFBC}") = "MathServiceTestApp1", "MathServiceTestApp1\MathServiceTestApp1.csproj", "{76980399-E5F8-4976-A80C-377A42BE971C}"
EndProject
Global
	GlobalSection(SolutionConfigurationPlatforms) = preSolution
		Debug|Any CPU = Debug|Any CPU
		Release|Any CPU = Release|Any CPU
	EndGlobalSection
	GlobalSection(ProjectConfigurationPlatforms) = postSolution
		{FD99C43A-813A-4992-AE94-402826874ED7}.Debug|Any CPU.ActiveCfg = Debug|Any CPU
		{FD99C43A-813A-4992-AE94-402826874ED7}.Debug|Any CPU.Build.0 = Debug|Any CPU
		{FD99C43A-813A-4992-AE94-402826874ED7}.Release|Any CPU.ActiveCfg = Release|Any CPU
		{FD99C43A-813A-4992-AE94-402826874ED7}.Release|Any CPU.Build.0 = Release|Any CPU
		{76980399-E5F8-4976-A80C-377A42BE971C}.Debug|Any CPU.ActiveCfg = Debug|Any CPU
		{76980399-E5F8-4976-A80C-377A42BE971C}.Debug|Any CPU.Build.0 = Debug|Any CPU
		{76980399-E5F8-4976-A80C-377A42BE971C}.Release|Any CPU.ActiveCfg = Release|Any CPU
		{76980399-E5F8-4976-A80C-377A42BE971C}.Release|Any CPU.Build.0 = Release|Any CPU
	EndGlobalSection
	GlobalSection(SolutionProperties) = preSolution
		HideSolutionNode = FALSE
	EndGlobalSection
EndGlobal
